
Microsoft Visual Studio Solution File, Format Version 12.00
# Visual Studio Version 16
VisualStudioVersion = 16.0.31112.23
MinimumVisualStudioVersion = 10.0.40219.1
Project("{9A19103F-16F7-4668-BE54-9A1E7A4F7556}") = "NFactorial", "NFactorial\NFactorial.csproj", "{673DB9ED-5292-4B98-84E2-667E2D4055DF}"
EndProject
Project("{9A19103F-16F7-4668-BE54-9A1E7A4F7556}") = "Multiples3and5", "Multiples3and5\Multiples3and5.csproj", "{048F5914-5684-4B7C-B6D9-A9109D792F68}"
EndProject
Project("{FAE04EC0-301F-11D3-BF4B-00C04F79EFBC}") = "LargestPrimeFactor", "LargestPrimeFactor\LargestPrimeFactor.csproj", "{E4DB5576-D1A4-481B-B446-BA0FAC8828EF}"
EndProject
Global
	GlobalSection(SolutionConfigurationPlatforms) = preSolution
		Debug|Any CPU = Debug|Any CPU
		Release|Any CPU = Release|Any CPU
	EndGlobalSection
	GlobalSection(ProjectConfigurationPlatforms) = postSolution
		{673DB9ED-5292-4B98-84E2-667E2D4055DF}.Debug|Any CPU.ActiveCfg = Debug|Any CPU
		{673DB9ED-5292-4B98-84E2-667E2D4055DF}.Debug|Any CPU.Build.0 = Debug|Any CPU
		{673DB9ED-5292-4B98-84E2-667E2D4055DF}.Release|Any CPU.ActiveCfg = Release|Any CPU
		{673DB9ED-5292-4B98-84E2-667E2D4055DF}.Release|Any CPU.Build.0 = Release|Any CPU
		{048F5914-5684-4B7C-B6D9-A9109D792F68}.Debug|Any CPU.ActiveCfg = Debug|Any CPU
		{048F5914-5684-4B7C-B6D9-A9109D792F68}.Debug|Any CPU.Build.0 = Debug|Any CPU
		{048F5914-5684-4B7C-B6D9-A9109D792F68}.Release|Any CPU.ActiveCfg = Release|Any CPU
		{048F5914-5684-4B7C-B6D9-A9109D792F68}.Release|Any CPU.Build.0 = Release|Any CPU
		{E4DB5576-D1A4-481B-B446-BA0FAC8828EF}.Debug|Any CPU.ActiveCfg = Debug|Any CPU
		{E4DB5576-D1A4-481B-B446-BA0FAC8828EF}.Debug|Any CPU.Build.0 = Debug|Any CPU
		{E4DB5576-D1A4-481B-B446-BA0FAC8828EF}.Release|Any CPU.ActiveCfg = Release|Any CPU
		{E4DB5576-D1A4-481B-B446-BA0FAC8828EF}.Release|Any CPU.Build.0 = Release|Any CPU
	EndGlobalSection
	GlobalSection(SolutionProperties) = preSolution
		HideSolutionNode = FALSE
	EndGlobalSection
	GlobalSection(ExtensibilityGlobals) = postSolution
		SolutionGuid = {AEEA36BD-767F-4973-8DE3-67F330A56E3D}
	EndGlobalSection
EndGlobal
