
Microsoft Visual Studio Solution File, Format Version 12.00
# Visual Studio Version 16
VisualStudioVersion = 16.0.31112.23
MinimumVisualStudioVersion = 10.0.40219.1
Project("{9A19103F-16F7-4668-BE54-9A1E7A4F7556}") = "NFactorial", "NFactorial\NFactorial.csproj", "{673DB9ED-5292-4B98-84E2-667E2D4055DF}"
EndProject
Project("{9A19103F-16F7-4668-BE54-9A1E7A4F7556}") = "Multiples3and5", "Multiples3and5\Multiples3and5.csproj", "{048F5914-5684-4B7C-B6D9-A9109D792F68}"
EndProject
Project("{9A19103F-16F7-4668-BE54-9A1E7A4F7556}") = "LargestPrimeFactor", "LargestPrimeFactor\LargestPrimeFactor.csproj", "{E4DB5576-D1A4-481B-B446-BA0FAC8828EF}"
EndProject
Project("{9A19103F-16F7-4668-BE54-9A1E7A4F7556}") = "LargestPalindrome", "LargestPalindrome\LargestPalindrome.csproj", "{F45879F7-9D0B-4450-A9B6-CA45FE93D1E6}"
EndProject
Project("{9A19103F-16F7-4668-BE54-9A1E7A4F7556}") = "SmallestMultiple", "SmallestMultiple\SmallestMultiple.csproj", "{1F63E205-694A-46BB-8B8B-A4FAEB7E6F0A}"
EndProject
Project("{9A19103F-16F7-4668-BE54-9A1E7A4F7556}") = "SumSquareDifference", "SumSquareDifference\SumSquareDifference.csproj", "{DE83CB2E-732B-4983-9FE9-317A4E0979E9}"
EndProject
Project("{9A19103F-16F7-4668-BE54-9A1E7A4F7556}") = "10001StPrime", "10001StPrime\10001StPrime.csproj", "{53E70186-18F8-49BB-B0F3-CB6A6124D65A}"
EndProject
Project("{9A19103F-16F7-4668-BE54-9A1E7A4F7556}") = "SpecialPythagoreanTriplet", "SpecialPythagoreanTriplet\SpecialPythagoreanTriplet.csproj", "{B8712BF6-0798-498E-86AC-CD8DA5FD9CF0}"
EndProject
Project("{9A19103F-16F7-4668-BE54-9A1E7A4F7556}") = "SummationOfPrimes", "SummationOfPrimes\SummationOfPrimes.csproj", "{E8C708F9-1155-4ABD-BC1F-F9CA24414D55}"
EndProject
Project("{9A19103F-16F7-4668-BE54-9A1E7A4F7556}") = "LargestProductInGrid", "LargestProductInGrid\LargestProductInGrid.csproj", "{C18894FD-39CD-40B5-8AFB-12FBAB21BC27}"
EndProject
Project("{FAE04EC0-301F-11D3-BF4B-00C04F79EFBC}") = "HighlyDivisibleTriangularNumber", "HighlyDivisibleTriangularNumber\HighlyDivisibleTriangularNumber.csproj", "{ADEE2BCC-5FEC-4AD1-954D-19FD7AD9DBC7}"
EndProject
Global
	GlobalSection(SolutionConfigurationPlatforms) = preSolution
		Debug|Any CPU = Debug|Any CPU
		Release|Any CPU = Release|Any CPU
	EndGlobalSection
	GlobalSection(ProjectConfigurationPlatforms) = postSolution
		{673DB9ED-5292-4B98-84E2-667E2D4055DF}.Debug|Any CPU.ActiveCfg = Debug|Any CPU
		{673DB9ED-5292-4B98-84E2-667E2D4055DF}.Debug|Any CPU.Build.0 = Debug|Any CPU
		{673DB9ED-5292-4B98-84E2-667E2D4055DF}.Release|Any CPU.ActiveCfg = Release|Any CPU
		{673DB9ED-5292-4B98-84E2-667E2D4055DF}.Release|Any CPU.Build.0 = Release|Any CPU
		{048F5914-5684-4B7C-B6D9-A9109D792F68}.Debug|Any CPU.ActiveCfg = Debug|Any CPU
		{048F5914-5684-4B7C-B6D9-A9109D792F68}.Debug|Any CPU.Build.0 = Debug|Any CPU
		{048F5914-5684-4B7C-B6D9-A9109D792F68}.Release|Any CPU.ActiveCfg = Release|Any CPU
		{048F5914-5684-4B7C-B6D9-A9109D792F68}.Release|Any CPU.Build.0 = Release|Any CPU
		{E4DB5576-D1A4-481B-B446-BA0FAC8828EF}.Debug|Any CPU.ActiveCfg = Debug|Any CPU
		{E4DB5576-D1A4-481B-B446-BA0FAC8828EF}.Debug|Any CPU.Build.0 = Debug|Any CPU
		{E4DB5576-D1A4-481B-B446-BA0FAC8828EF}.Release|Any CPU.ActiveCfg = Release|Any CPU
		{E4DB5576-D1A4-481B-B446-BA0FAC8828EF}.Release|Any CPU.Build.0 = Release|Any CPU
		{F45879F7-9D0B-4450-A9B6-CA45FE93D1E6}.Debug|Any CPU.ActiveCfg = Debug|Any CPU
		{F45879F7-9D0B-4450-A9B6-CA45FE93D1E6}.Debug|Any CPU.Build.0 = Debug|Any CPU
		{F45879F7-9D0B-4450-A9B6-CA45FE93D1E6}.Release|Any CPU.ActiveCfg = Release|Any CPU
		{F45879F7-9D0B-4450-A9B6-CA45FE93D1E6}.Release|Any CPU.Build.0 = Release|Any CPU
		{1F63E205-694A-46BB-8B8B-A4FAEB7E6F0A}.Debug|Any CPU.ActiveCfg = Debug|Any CPU
		{1F63E205-694A-46BB-8B8B-A4FAEB7E6F0A}.Debug|Any CPU.Build.0 = Debug|Any CPU
		{1F63E205-694A-46BB-8B8B-A4FAEB7E6F0A}.Release|Any CPU.ActiveCfg = Release|Any CPU
		{1F63E205-694A-46BB-8B8B-A4FAEB7E6F0A}.Release|Any CPU.Build.0 = Release|Any CPU
		{DE83CB2E-732B-4983-9FE9-317A4E0979E9}.Debug|Any CPU.ActiveCfg = Debug|Any CPU
		{DE83CB2E-732B-4983-9FE9-317A4E0979E9}.Debug|Any CPU.Build.0 = Debug|Any CPU
		{DE83CB2E-732B-4983-9FE9-317A4E0979E9}.Release|Any CPU.ActiveCfg = Release|Any CPU
		{DE83CB2E-732B-4983-9FE9-317A4E0979E9}.Release|Any CPU.Build.0 = Release|Any CPU
		{53E70186-18F8-49BB-B0F3-CB6A6124D65A}.Debug|Any CPU.ActiveCfg = Debug|Any CPU
		{53E70186-18F8-49BB-B0F3-CB6A6124D65A}.Debug|Any CPU.Build.0 = Debug|Any CPU
		{53E70186-18F8-49BB-B0F3-CB6A6124D65A}.Release|Any CPU.ActiveCfg = Release|Any CPU
		{53E70186-18F8-49BB-B0F3-CB6A6124D65A}.Release|Any CPU.Build.0 = Release|Any CPU
		{B8712BF6-0798-498E-86AC-CD8DA5FD9CF0}.Debug|Any CPU.ActiveCfg = Debug|Any CPU
		{B8712BF6-0798-498E-86AC-CD8DA5FD9CF0}.Debug|Any CPU.Build.0 = Debug|Any CPU
		{B8712BF6-0798-498E-86AC-CD8DA5FD9CF0}.Release|Any CPU.ActiveCfg = Release|Any CPU
		{B8712BF6-0798-498E-86AC-CD8DA5FD9CF0}.Release|Any CPU.Build.0 = Release|Any CPU
		{E8C708F9-1155-4ABD-BC1F-F9CA24414D55}.Debug|Any CPU.ActiveCfg = Debug|Any CPU
		{E8C708F9-1155-4ABD-BC1F-F9CA24414D55}.Debug|Any CPU.Build.0 = Debug|Any CPU
		{E8C708F9-1155-4ABD-BC1F-F9CA24414D55}.Release|Any CPU.ActiveCfg = Release|Any CPU
		{E8C708F9-1155-4ABD-BC1F-F9CA24414D55}.Release|Any CPU.Build.0 = Release|Any CPU
		{C18894FD-39CD-40B5-8AFB-12FBAB21BC27}.Debug|Any CPU.ActiveCfg = Debug|Any CPU
		{C18894FD-39CD-40B5-8AFB-12FBAB21BC27}.Debug|Any CPU.Build.0 = Debug|Any CPU
		{C18894FD-39CD-40B5-8AFB-12FBAB21BC27}.Release|Any CPU.ActiveCfg = Release|Any CPU
		{C18894FD-39CD-40B5-8AFB-12FBAB21BC27}.Release|Any CPU.Build.0 = Release|Any CPU
		{ADEE2BCC-5FEC-4AD1-954D-19FD7AD9DBC7}.Debug|Any CPU.ActiveCfg = Debug|Any CPU
		{ADEE2BCC-5FEC-4AD1-954D-19FD7AD9DBC7}.Debug|Any CPU.Build.0 = Debug|Any CPU
		{ADEE2BCC-5FEC-4AD1-954D-19FD7AD9DBC7}.Release|Any CPU.ActiveCfg = Release|Any CPU
		{ADEE2BCC-5FEC-4AD1-954D-19FD7AD9DBC7}.Release|Any CPU.Build.0 = Release|Any CPU
	EndGlobalSection
	GlobalSection(SolutionProperties) = preSolution
		HideSolutionNode = FALSE
	EndGlobalSection
	GlobalSection(ExtensibilityGlobals) = postSolution
		SolutionGuid = {AEEA36BD-767F-4973-8DE3-67F330A56E3D}
	EndGlobalSection
EndGlobal
